
Microsoft Visual Studio Solution File, Format Version 12.00
# Visual Studio 15
VisualStudioVersion = 15.0.28010.2003
MinimumVisualStudioVersion = 10.0.40219.1
Project("{FAE04EC0-301F-11D3-BF4B-00C04F79EFBC}") = "Avalonia.SkiaWritableBitmap", "Avalonia.SkiaWritableBitmap\Avalonia.SkiaWritableBitmap.csproj", "{26D6A374-156C-4646-8301-89C2F2FD518F}"
EndProject
Global
	GlobalSection(SolutionConfigurationPlatforms) = preSolution
		Debug|Any CPU = Debug|Any CPU
		Release|Any CPU = Release|Any CPU
	EndGlobalSection
	GlobalSection(ProjectConfigurationPlatforms) = postSolution
		{26D6A374-156C-4646-8301-89C2F2FD518F}.Debug|Any CPU.ActiveCfg = Debug|Any CPU
		{26D6A374-156C-4646-8301-89C2F2FD518F}.Debug|Any CPU.Build.0 = Debug|Any CPU
		{26D6A374-156C-4646-8301-89C2F2FD518F}.Release|Any CPU.ActiveCfg = Release|Any CPU
		{26D6A374-156C-4646-8301-89C2F2FD518F}.Release|Any CPU.Build.0 = Release|Any CPU
	EndGlobalSection
	GlobalSection(SolutionProperties) = preSolution
		HideSolutionNode = FALSE
	EndGlobalSection
	GlobalSection(ExtensibilityGlobals) = postSolution
		SolutionGuid = {C23E0854-3B4C-4E0C-AB20-C04035129BD0}
	EndGlobalSection
EndGlobal
